
Microsoft Visual Studio Solution File, Format Version 12.00
# Visual Studio Version 17
VisualStudioVersion = 17.14.36301.6 d17.14
MinimumVisualStudioVersion = 10.0.40219.1
Project("{FAE04EC0-301F-11D3-BF4B-00C04F79EFBC}") = "JWTAuthNet9", "JWTAuthNet9.csproj", "{95683DF9-1098-4AAF-ABE4-09E229B3921A}"
EndProject
Global
	GlobalSection(SolutionConfigurationPlatforms) = preSolution
		Debug|Any CPU = Debug|Any CPU
		Release|Any CPU = Release|Any CPU
	EndGlobalSection
	GlobalSection(ProjectConfigurationPlatforms) = postSolution
		{95683DF9-1098-4AAF-ABE4-09E229B3921A}.Debug|Any CPU.ActiveCfg = Debug|Any CPU
		{95683DF9-1098-4AAF-ABE4-09E229B3921A}.Debug|Any CPU.Build.0 = Debug|Any CPU
		{95683DF9-1098-4AAF-ABE4-09E229B3921A}.Release|Any CPU.ActiveCfg = Release|Any CPU
		{95683DF9-1098-4AAF-ABE4-09E229B3921A}.Release|Any CPU.Build.0 = Release|Any CPU
	EndGlobalSection
	GlobalSection(SolutionProperties) = preSolution
		HideSolutionNode = FALSE
	EndGlobalSection
	GlobalSection(ExtensibilityGlobals) = postSolution
		SolutionGuid = {356A5D99-57BC-4A56-8D07-711E572B6A55}
	EndGlobalSection
EndGlobal
